<?xml version="1.0" encoding="utf-8"?>
<!-- Copyright (c) 2015-2019 LunarG, Inc. -->
<Project ToolsVersion="4.0" xmlns="http://schemas.microsoft.com/developer/msbuild/2003">
  <ItemGroup>
    <Filter Include="Source Files">
      <UniqueIdentifier>{4FC737F1-C7A5-4376-A066-2A32D752A2FF}</UniqueIdentifier>
      <Extensions>cpp;c;cc;cxx;def;odl;idl;hpj;bat;asm;asmx</Extensions>
    </Filter>
    <Filter Include="Header Files">
      <UniqueIdentifier>{93995380-89BD-4b04-88EB-625FBE52EBFB}</UniqueIdentifier>
      <Extensions>h;hh;hpp;hxx;hm;inl;inc;xsd</Extensions>
    </Filter>
    <Filter Include="Resource Files">
      <UniqueIdentifier>{67DA6AB6-F800-4c08-8B7A-83BB121AAD01}</UniqueIdentifier>
      <Extensions>rc;ico;cur;bmp;dlg;rc2;rct;bin;rgs;gif;jpg;jpeg;jpe;resx;tiff;tif;png;wav;mfcribbon-ms</Extensions>
    </Filter>
    <Filter Include="test">
      <UniqueIdentifier>{a0b24a0d-9d07-4f42-a513-354648b49783}</UniqueIdentifier>
    </Filter>
  </ItemGroup>
  <ItemGroup>
    <ClCompile Include="main.cpp">
      <Filter>Source Files</Filter>
    </ClCompile>
    <ClCompile Include="not_main.cpp">
      <Filter>Source Files</Filter>
    </ClCompile>
    <ClCompile Include="src\infr\Base.cpp">
      <Filter>Source Files</Filter>
    </ClCompile>
    <ClCompile Include="src\infr\Conf.cpp">
      <Filter>Source Files</Filter>
    </ClCompile>
    <ClCompile Include="src\infr\InfraVK.cpp">
      <Filter>Source Files</Filter>
    </ClCompile>
    <ClCompile Include="src\dbg\vLog.cpp">
      <Filter>Source Files</Filter>
    </ClCompile>
    <ClCompile Include="src\dbg\dbg.cpp">
      <Filter>Source Files</Filter>
    </ClCompile>
    <ClCompile Include="src\infr\deviceSet.cpp">
      <Filter>Source Files</Filter>
    </ClCompile>
    <ClCompile Include="src\core\prototype.cpp">
      <Filter>Source Files</Filter>
    </ClCompile>
    <ClCompile Include="src\core\devicePick.cpp">
      <Filter>Source Files</Filter>
    </ClCompile>
    <ClCompile Include="src\core\swapchain.cpp">
      <Filter>Source Files</Filter>
    </ClCompile>
    <ClCompile Include="src\core\settings.cpp">
      <Filter>Source Files</Filter>
    </ClCompile>
    <ClCompile Include="src\core\shader.cpp">
      <Filter>Source Files</Filter>
    </ClCompile>
    <ClCompile Include="src\core\pipeline.cpp">
      <Filter>Source Files</Filter>
    </ClCompile>
    <ClCompile Include="src\core\renderPass.cpp">
      <Filter>Source Files</Filter>
    </ClCompile>
    <ClCompile Include="src\core\boilerplate.cpp">
      <Filter>Source Files</Filter>
    </ClCompile>
    <ClCompile Include="src\utils\semaphore.cpp">
      <Filter>Source Files</Filter>
    </ClCompile>
    <ClCompile Include="src\infr\hvm.cpp">
      <Filter>Source Files</Filter>
    </ClCompile>
    <ClCompile Include="test\masterTest.cpp">
      <Filter>test</Filter>
    </ClCompile>
    <ClCompile Include="test\confTest.cpp">
      <Filter>test</Filter>
    </ClCompile>
    <ClCompile Include="test\dictTest.cpp">
      <Filter>test</Filter>
    </ClCompile>
    <ClCompile Include="test\allocTest.cpp">
      <Filter>test</Filter>
    </ClCompile>
    <ClCompile Include="src\infr\lvm.cpp">
      <Filter>Source Files</Filter>
    </ClCompile>
    <ClCompile Include="src\core\memoryMap.cpp">
      <Filter>Source Files</Filter>
    </ClCompile>
    <ClCompile Include="src\infr\Async.cpp">
      <Filter>Source Files</Filter>
    </ClCompile>
    <ClCompile Include="test\asyncTest.cpp">
      <Filter>test</Filter>
    </ClCompile>
    <ClCompile Include="test\heapTest.cpp">
      <Filter>test</Filter>
    </ClCompile>
    <ClCompile Include="src\core\loader.cpp">
      <Filter>Source Files</Filter>
    </ClCompile>
    <ClCompile Include="src\core\AssetManager.cpp">
      <Filter>Source Files</Filter>
    </ClCompile>
    <ClCompile Include="src\core\streamUnit.cpp">
      <Filter>Source Files</Filter>
    </ClCompile>
    <ClCompile Include="src\asset\model.cpp">
      <Filter>Source Files</Filter>
    </ClCompile>
  </ItemGroup>
  <ItemGroup>
    <ClInclude Include="src\core\prototype.hpp">
      <Filter>Header Files</Filter>
    </ClInclude>
    <ClInclude Include="src\dbg\vLog.hpp">
      <Filter>Header Files</Filter>
    </ClInclude>
    <ClInclude Include="src\infr\InfraVK.hpp">
      <Filter>Header Files</Filter>
    </ClInclude>
    <ClInclude Include="src\infr\deviceSet.hpp">
      <Filter>Header Files</Filter>
    </ClInclude>
    <ClInclude Include="src\dbg\dbg.hpp">
      <Filter>Header Files</Filter>
    </ClInclude>
    <ClInclude Include="src\infr\Conf.hpp">
      <Filter>Header Files</Filter>
    </ClInclude>
    <ClInclude Include="src\infr\Base.hpp">
      <Filter>Header Files</Filter>
    </ClInclude>
    <ClInclude Include="src\core\devicePick.hpp">
      <Filter>Header Files</Filter>
    </ClInclude>
    <ClInclude Include="src\utils\multIndex.hpp">
      <Filter>Header Files</Filter>
    </ClInclude>
    <ClInclude Include="src\core\swapchain.hpp">
      <Filter>Header Files</Filter>
    </ClInclude>
    <ClInclude Include="src\core\settings.hpp">
      <Filter>Header Files</Filter>
    </ClInclude>
    <ClInclude Include="src\core\shader.hpp">
      <Filter>Header Files</Filter>
    </ClInclude>
    <ClInclude Include="src\core\pipeline.hpp">
      <Filter>Header Files</Filter>
    </ClInclude>
    <ClInclude Include="src\core\renderPass.hpp">
      <Filter>Header Files</Filter>
    </ClInclude>
    <ClInclude Include="src\core\boilerplate.hpp">
      <Filter>Header Files</Filter>
    </ClInclude>
    <ClInclude Include="src\infr\type.hpp">
      <Filter>Header Files</Filter>
    </ClInclude>
    <ClInclude Include="src\utils\semaphore.hpp">
      <Filter>Header Files</Filter>
    </ClInclude>
    <ClInclude Include="src\infr\hvm.hpp">
      <Filter>Header Files</Filter>
    </ClInclude>
    <ClInclude Include="test\masterTest.hpp">
      <Filter>test</Filter>
    </ClInclude>
    <ClInclude Include="src\infr\lvm.hpp">
      <Filter>Header Files</Filter>
    </ClInclude>
    <ClInclude Include="src\core\memoryMap.hpp">
      <Filter>Header Files</Filter>
    </ClInclude>
    <ClInclude Include="src\utils\heap.hpp">
      <Filter>Header Files</Filter>
    </ClInclude>
    <ClInclude Include="src\infr\Async.hpp">
      <Filter>Header Files</Filter>
    </ClInclude>
    <ClInclude Include="src\core\loader.hpp">
      <Filter>Header Files</Filter>
    </ClInclude>
    <ClInclude Include="src\core\AssetManager.hpp">
      <Filter>Header Files</Filter>
    </ClInclude>
    <ClInclude Include="src\core\streamUnit.hpp">
      <Filter>Header Files</Filter>
    </ClInclude>
    <ClInclude Include="src\asset\model.hpp">
      <Filter>Header Files</Filter>
    </ClInclude>
  </ItemGroup>
  <ItemGroup>
    <None Include="configs\settings.json">
      <Filter>Resource Files</Filter>
    </None>
    <None Include="shaders\compileShader.bat">
      <Filter>Resource Files</Filter>
    </None>
    <None Include="shaders\shader.frag">
      <Filter>Resource Files</Filter>
    </None>
    <None Include="shaders\shader.frag.spv">
      <Filter>Resource Files</Filter>
    </None>
    <None Include="shaders\shader.vert">
      <Filter>Resource Files</Filter>
    </None>
    <None Include="shaders\shader.vert.spv">
      <Filter>Resource Files</Filter>
    </None>
    <None Include="test\testFiles\test2.json">
      <Filter>Resource Files</Filter>
    </None>
    <None Include="test\testFiles\test.json">
      <Filter>Resource Files</Filter>
    </None>
  </ItemGroup>
</Project>